
Microsoft Visual Studio Solution File, Format Version 12.00
# Visual Studio 15
VisualStudioVersion = 15.0.27130.2036
MinimumVisualStudioVersion = 10.0.40219.1
Project("{FAE04EC0-301F-11D3-BF4B-00C04F79EFBC}") = "Algorytmika", "Algorytmika\Algorytmika.csproj", "{C48C2D79-37FA-42E9-9C1F-54146A0D1211}"
EndProject
Global
	GlobalSection(SolutionConfigurationPlatforms) = preSolution
		Debug|Any CPU = Debug|Any CPU
		Release|Any CPU = Release|Any CPU
	EndGlobalSection
	GlobalSection(ProjectConfigurationPlatforms) = postSolution
		{C48C2D79-37FA-42E9-9C1F-54146A0D1211}.Debug|Any CPU.ActiveCfg = Debug|Any CPU
		{C48C2D79-37FA-42E9-9C1F-54146A0D1211}.Debug|Any CPU.Build.0 = Debug|Any CPU
		{C48C2D79-37FA-42E9-9C1F-54146A0D1211}.Release|Any CPU.ActiveCfg = Release|Any CPU
		{C48C2D79-37FA-42E9-9C1F-54146A0D1211}.Release|Any CPU.Build.0 = Release|Any CPU
	EndGlobalSection
	GlobalSection(SolutionProperties) = preSolution
		HideSolutionNode = FALSE
	EndGlobalSection
	GlobalSection(ExtensibilityGlobals) = postSolution
		SolutionGuid = {8933E5A3-65D0-4A08-B7F7-4819073C9456}
	EndGlobalSection
EndGlobal
